
Microsoft Visual Studio Solution File, Format Version 12.00
# Visual Studio Version 17
VisualStudioVersion = 17.5.002.0
MinimumVisualStudioVersion = 10.0.40219.1
Project("{9A19103F-16F7-4668-BE54-9A1E7A4F7556}") = "Task54", "Task54\Task54.csproj", "{42B145C9-B907-469D-A44E-07D6528185CD}"
EndProject
Project("{9A19103F-16F7-4668-BE54-9A1E7A4F7556}") = "Task56", "Task56\Task56.csproj", "{E9A105DE-FA95-4AF3-B1FD-8B3365051A37}"
EndProject
Project("{9A19103F-16F7-4668-BE54-9A1E7A4F7556}") = "Task58", "Task58\Task58.csproj", "{B5173D21-AA42-4191-B081-99C9DAEEEFF0}"
EndProject
Project("{9A19103F-16F7-4668-BE54-9A1E7A4F7556}") = "Task60", "Task60\Task60.csproj", "{AB884336-E02A-43C2-A640-DA668EC8D5F5}"
EndProject
Project("{9A19103F-16F7-4668-BE54-9A1E7A4F7556}") = "Task62", "Task62\Task62.csproj", "{D9877215-742B-4039-887F-492D41B4EB54}"
EndProject
Global
	GlobalSection(SolutionConfigurationPlatforms) = preSolution
		Debug|Any CPU = Debug|Any CPU
		Release|Any CPU = Release|Any CPU
	EndGlobalSection
	GlobalSection(ProjectConfigurationPlatforms) = postSolution
		{42B145C9-B907-469D-A44E-07D6528185CD}.Debug|Any CPU.ActiveCfg = Debug|Any CPU
		{42B145C9-B907-469D-A44E-07D6528185CD}.Debug|Any CPU.Build.0 = Debug|Any CPU
		{42B145C9-B907-469D-A44E-07D6528185CD}.Release|Any CPU.ActiveCfg = Release|Any CPU
		{42B145C9-B907-469D-A44E-07D6528185CD}.Release|Any CPU.Build.0 = Release|Any CPU
		{E9A105DE-FA95-4AF3-B1FD-8B3365051A37}.Debug|Any CPU.ActiveCfg = Debug|Any CPU
		{E9A105DE-FA95-4AF3-B1FD-8B3365051A37}.Debug|Any CPU.Build.0 = Debug|Any CPU
		{E9A105DE-FA95-4AF3-B1FD-8B3365051A37}.Release|Any CPU.ActiveCfg = Release|Any CPU
		{E9A105DE-FA95-4AF3-B1FD-8B3365051A37}.Release|Any CPU.Build.0 = Release|Any CPU
		{B5173D21-AA42-4191-B081-99C9DAEEEFF0}.Debug|Any CPU.ActiveCfg = Debug|Any CPU
		{B5173D21-AA42-4191-B081-99C9DAEEEFF0}.Debug|Any CPU.Build.0 = Debug|Any CPU
		{B5173D21-AA42-4191-B081-99C9DAEEEFF0}.Release|Any CPU.ActiveCfg = Release|Any CPU
		{B5173D21-AA42-4191-B081-99C9DAEEEFF0}.Release|Any CPU.Build.0 = Release|Any CPU
		{AB884336-E02A-43C2-A640-DA668EC8D5F5}.Debug|Any CPU.ActiveCfg = Debug|Any CPU
		{AB884336-E02A-43C2-A640-DA668EC8D5F5}.Debug|Any CPU.Build.0 = Debug|Any CPU
		{AB884336-E02A-43C2-A640-DA668EC8D5F5}.Release|Any CPU.ActiveCfg = Release|Any CPU
		{AB884336-E02A-43C2-A640-DA668EC8D5F5}.Release|Any CPU.Build.0 = Release|Any CPU
		{D9877215-742B-4039-887F-492D41B4EB54}.Debug|Any CPU.ActiveCfg = Debug|Any CPU
		{D9877215-742B-4039-887F-492D41B4EB54}.Debug|Any CPU.Build.0 = Debug|Any CPU
		{D9877215-742B-4039-887F-492D41B4EB54}.Release|Any CPU.ActiveCfg = Release|Any CPU
		{D9877215-742B-4039-887F-492D41B4EB54}.Release|Any CPU.Build.0 = Release|Any CPU
	EndGlobalSection
	GlobalSection(SolutionProperties) = preSolution
		HideSolutionNode = FALSE
	EndGlobalSection
	GlobalSection(ExtensibilityGlobals) = postSolution
		SolutionGuid = {C116F208-6ADA-45B3-8E18-5175AF75CDBD}
	EndGlobalSection
EndGlobal
